
Microsoft Visual Studio Solution File, Format Version 12.00
# Visual Studio Version 17
VisualStudioVersion = 17.4.32804.182
MinimumVisualStudioVersion = 10.0.40219.1
Project("{FAE04EC0-301F-11D3-BF4B-00C04F79EFBC}") = "Email.Service", "Email.Service\Email.Service.csproj", "{19D78EB9-23F2-49B2-8492-A9437CBD261F}"
EndProject
Global
	GlobalSection(SolutionConfigurationPlatforms) = preSolution
		Debug|Any CPU = Debug|Any CPU
		Release|Any CPU = Release|Any CPU
	EndGlobalSection
	GlobalSection(ProjectConfigurationPlatforms) = postSolution
		{19D78EB9-23F2-49B2-8492-A9437CBD261F}.Debug|Any CPU.ActiveCfg = Debug|Any CPU
		{19D78EB9-23F2-49B2-8492-A9437CBD261F}.Debug|Any CPU.Build.0 = Debug|Any CPU
		{19D78EB9-23F2-49B2-8492-A9437CBD261F}.Release|Any CPU.ActiveCfg = Release|Any CPU
		{19D78EB9-23F2-49B2-8492-A9437CBD261F}.Release|Any CPU.Build.0 = Release|Any CPU
	EndGlobalSection
	GlobalSection(SolutionProperties) = preSolution
		HideSolutionNode = FALSE
	EndGlobalSection
	GlobalSection(ExtensibilityGlobals) = postSolution
		SolutionGuid = {FBE5BA45-4645-4224-B93C-E491E00EEDFD}
	EndGlobalSection
EndGlobal
